lockfileVersion: '9.0'

settings:
  autoInstallPeers: true
  excludeLinksFromLockfile: false

importers:

  .:
    dependencies:
      '@mysten/sui':
        specifier: ^1.13.0
        version: 1.13.0(typescript@5.6.3)
      dotenv:
        specifier: ^16.4.5
        version: 16.4.5
      doubleup:
        specifier: ^4.3.22
        version: 4.3.22(@mysten/kiosk@0.9.10(typescript@5.6.3))(@mysten/sui@1.13.0(typescript@5.6.3))(nanoid@5.0.8)
    devDependencies:
      '@types/node':
        specifier: ^22.8.4
        version: 22.8.4

packages:

  '@0no-co/graphql.web@1.0.9':
    resolution: {integrity: sha512-lXSg4bDHvP8CiMdpQf9f/rca12IIjXHN/p0Rc5mgzgLe4JBlIoA1zFa9NKhfG1bW0OyI2hgaOldFCfkEQwZuEQ==}
    peerDependencies:
      graphql: ^14.0.0 || ^15.0.0 || ^16.0.0
    peerDependenciesMeta:
      graphql:
        optional: true

  '@0no-co/graphqlsp@1.12.16':
    resolution: {integrity: sha512-B5pyYVH93Etv7xjT6IfB7QtMBdaaC07yjbhN6v8H7KgFStMkPvi+oWYBTibMFRMY89qwc9H8YixXg8SXDVgYWw==}
    peerDependencies:
      graphql: ^15.5.0 || ^16.0.0 || ^17.0.0
      typescript: ^5.0.0

  '@gql.tada/cli-utils@1.6.3':
    resolution: {integrity: sha512-jFFSY8OxYeBxdKi58UzeMXG1tdm4FVjXa8WHIi66Gzu9JWtCE6mqom3a8xkmSw+mVaybFW5EN2WXf1WztJVNyQ==}
    peerDependencies:
      '@0no-co/graphqlsp': ^1.12.13
      '@gql.tada/svelte-support': 1.0.1
      '@gql.tada/vue-support': 1.0.1
      graphql: ^15.5.0 || ^16.0.0 || ^17.0.0
      typescript: ^5.0.0
    peerDependenciesMeta:
      '@gql.tada/svelte-support':
        optional: true
      '@gql.tada/vue-support':
        optional: true

  '@gql.tada/internal@1.0.8':
    resolution: {integrity: sha512-XYdxJhtHC5WtZfdDqtKjcQ4d7R1s0d1rnlSs3OcBEUbYiPoJJfZU7tWsVXuv047Z6msvmr4ompJ7eLSK5Km57g==}
    peerDependencies:
      graphql: ^15.5.0 || ^16.0.0 || ^17.0.0
      typescript: ^5.0.0

  '@graphql-typed-document-node/core@3.2.0':
    resolution: {integrity: sha512-mB9oAsNCm9aM3/SOv4YtBMqZbYj10R7dkq8byBqxGY/ncFwhf2oQzMV+LCRlWoDSEBJ3COiR1yeDvMtsoOsuFQ==}
    peerDependencies:
      graphql: ^0.8.0 || ^0.9.0 || ^0.10.0 || ^0.11.0 || ^0.12.0 || ^0.13.0 || ^14.0.0 || ^15.0.0 || ^16.0.0 || ^17.0.0

  '@mysten/bcs@1.0.2':
    resolution: {integrity: sha512-haHT0km/9yIIe8lwo8gDFxGLnoxfRF4WmEVCz4lDXbEVQRsZkF0zB97kukiwMjDuFBaGVUhrOMCLz6td8tSMaQ==}

  '@mysten/bcs@1.1.0':
    resolution: {integrity: sha512-yy9/1Y4d0FlRywS1+9ze/T7refCbrvwFwJIOKs9M3QBK1njbcHZp+LkVeLqBvIJA5eZ3ZCzmhQ1Xq4Sed5mEBA==}

  '@mysten/kiosk@0.9.10':
    resolution: {integrity: sha512-ikNTV/NrbdjucUel7BOYkEZabFL/AgcnsikGLPkmCKFP97PdaArd1D//ilVbVD5QkJPX9+fyco+gcb2v0WTMbw==}
    engines: {node: '>=18'}

  '@mysten/sui@1.13.0':
    resolution: {integrity: sha512-zxRFWkb5dFjwQh6gGkswNrdSVoeBbjrL70AmRa13seNe8mfnf2lZgE8Kcj1fj4MTsDI2mGNWihQVkK99cprW+w==}
    engines: {node: '>=18'}

  '@mysten/sui@1.2.1':
    resolution: {integrity: sha512-1vPJOxuQhYGiDPFXs1diLFHZ8HaYSvhWipg1BSk/VkwTN2Kxa1cJTA2iN6AiuBwC6KEbtEXfHD9CeCnPRhJchg==}
    engines: {node: '>=18'}

  '@noble/curves@1.6.0':
    resolution: {integrity: sha512-TlaHRXDehJuRNR9TfZDNQ45mMEd5dwUwmicsafcIX4SsNiqnCHKjE/1alYPd/lDRVhxdhUAlv8uEhMCI5zjIJQ==}
    engines: {node: ^14.21.3 || >=16}

  '@noble/hashes@1.5.0':
    resolution: {integrity: sha512-1j6kQFb7QRru7eKN3ZDvRcP13rugwdxZqCjbiAVZfIJwgj2A65UmT4TgARXGlXgnRkORLTDTrO19ZErt7+QXgA==}
    engines: {node: ^14.21.3 || >=16}

  '@scure/base@1.1.9':
    resolution: {integrity: sha512-8YKhl8GHiNI/pU2VMaofa2Tor7PJRAjwQLBBuilkJ9L5+13yVbC7JO/wS7piioAvPSwR3JKM1IJ/u4xQzbcXKg==}

  '@scure/bip32@1.5.0':
    resolution: {integrity: sha512-8EnFYkqEQdnkuGBVpCzKxyIwDCBLDVj3oiX0EKUFre/tOjL/Hqba1D6n/8RcmaQy4f95qQFrO2A8Sr6ybh4NRw==}

  '@scure/bip39@1.4.0':
    resolution: {integrity: sha512-BEEm6p8IueV/ZTfQLp/0vhw4NPnT9oWf5+28nvmeUICjP99f4vr2d+qc7AVGDDtwRep6ifR43Yed9ERVmiITzw==}

  '@suchipi/femver@1.0.0':
    resolution: {integrity: sha512-bprE8+K5V+DPX7q2e2K57ImqNBdfGHDIWaGI5xHxZoxbKOuQZn4wzPiUxOAHnsUr3w3xHrWXwN7gnG/iIuEMIg==}

  '@types/node@22.8.4':
    resolution: {integrity: sha512-SpNNxkftTJOPk0oN+y2bIqurEXHTA2AOZ3EJDDKeJ5VzkvvORSvmQXGQarcOzWV1ac7DCaPBEdMDxBsM+d8jWw==}

  asynckit@0.4.0:
    resolution: {integrity: sha512-Oei9OH4tRh0YqU3GxhX79dM/mwVgvbZJaSNaRk+bshkj0S5cfHcgYakreBjrHwatXKbz+IoIdYLxrKim2MjW0Q==}

  axios@1.7.7:
    resolution: {integrity: sha512-S4kL7XrjgBmvdGut0sN3yJxqYzrDOnivkBiN0OFs6hLiUam3UPvswUo0kqGyhqUZGEOytHyumEdXsAkgCOUf3Q==}

  base-x@4.0.0:
    resolution: {integrity: sha512-FuwxlW4H5kh37X/oW59pwTzzTKRzfrrQwhmyspRM7swOEZcHtDZSCt45U6oKgtuFE+WYPblePMVIPR4RZrh/hw==}

  base-x@5.0.0:
    resolution: {integrity: sha512-sMW3VGSX1QWVFA6l8U62MLKz29rRfpTlYdCqLdpLo1/Yd4zZwSbnUaDfciIAowAqvq7YFnWq9hrhdg1KYgc1lQ==}

  bech32@2.0.0:
    resolution: {integrity: sha512-LcknSilhIGatDAsY1ak2I8VtGaHNhgMSYVxFrGLXv+xLHytaKZKcaUJJUE7qmBr7h33o5YQwP55pMI0xmkpJwg==}

  bs58@5.0.0:
    resolution: {integrity: sha512-r+ihvQJvahgYT50JD05dyJNKlmmSlMoOGwn1lCcEzanPglg7TxYjioQUYehQ9mAR/+hOSd2jRc/Z2y5UxBymvQ==}

  bs58@6.0.0:
    resolution: {integrity: sha512-PD0wEnEYg6ijszw/u8s+iI3H17cTymlrwkKhDhPZq+Sokl3AU4htyBFTjAeNAlCCmg0f53g6ih3jATyCKftTfw==}

  combined-stream@1.0.8:
    resolution: {integrity: sha512-FQN4MRfuJeHf7cBbBMJFXhKSDq+2kAArBlmRBvcvFE5BB1HZKXtSFASDhdlz9zOYwxh8lDdnvmMOe/+5cdoEdg==}
    engines: {node: '>= 0.8'}

  delayed-stream@1.0.0:
    resolution: {integrity: sha512-ZySD7Nf91aLB0RxL4KGrKHBXl7Eds1DAmEdcoVawXnLD7SDhpNgtuII2aAkg7a7QS41jxPSZ17p4VdGnMHk3MQ==}
    engines: {node: '>=0.4.0'}

  dotenv@16.4.5:
    resolution: {integrity: sha512-ZmdL2rui+eB2YwhsWzjInR8LldtZHGDoQ1ugH85ppHKwpUHL7j7rN0Ti9NCnGiQbhaZ11FpR+7ao1dNsmduNUg==}
    engines: {node: '>=12'}

  doubleup@4.3.22:
    resolution: {integrity: sha512-cIzzjVVCfm1o+5XdzgKGlnCipcoUfKzFd91GSVJpt5krpO7oceljhUSd4pZZ/WHzlCws5/XrB7b8f6zr0zqMGA==}
    peerDependencies:
      '@mysten/kiosk': 0.9.10
      '@mysten/sui': 1.2.1
      nanoid: ^5.0.7

  follow-redirects@1.15.9:
    resolution: {integrity: sha512-gew4GsXizNgdoRyqmyfMHyAmXsZDk6mHkSxZFCzW9gwlbtOW44CDtYavM+y+72qD/Vq2l550kMF52DT8fOLJqQ==}
    engines: {node: '>=4.0'}
    peerDependencies:
      debug: '*'
    peerDependenciesMeta:
      debug:
        optional: true

  form-data@4.0.1:
    resolution: {integrity: sha512-tzN8e4TX8+kkxGPK8D5u0FNmjPUjw3lwC9lSLxxoB/+GtsJG91CO8bSWy73APlgAZzZbXEYZJuxjkHH2w+Ezhw==}
    engines: {node: '>= 6'}

  gql.tada@1.8.10:
    resolution: {integrity: sha512-FrvSxgz838FYVPgZHGOSgbpOjhR+yq44rCzww3oOPJYi0OvBJjAgCiP6LEokZIYND2fUTXzQAyLgcvgw1yNP5A==}
    hasBin: true
    peerDependencies:
      typescript: ^5.0.0

  graphql@16.9.0:
    resolution: {integrity: sha512-GGTKBX4SD7Wdb8mqeDLni2oaRGYQWjWHGKPQ24ZMnUtKfcsVoiv4uX8+LJr1K6U5VW2Lu1BwJnj7uiori0YtRw==}
    engines: {node: ^12.22.0 || ^14.16.0 || ^16.0.0 || >=17.0.0}

  js-tokens@4.0.0:
    resolution: {integrity: sha512-RdJUflcE3cUzKiMqQgsCu06FPu9UdIJO0beYbPhHN4k6apgJtifcoCtT9bcxOpYBtpD2kCM6Sbzg4CausW/PKQ==}

  loose-envify@1.4.0:
    resolution: {integrity: sha512-lyuxPGr/Wfhrlem2CL/UcnUc1zcqKAImBDzukY7Y5F/yQiNdko6+fRLevlw1HgMySw7f611UIY408EtxRSoK3Q==}
    hasBin: true

  mime-db@1.52.0:
    resolution: {integrity: sha512-sPU4uV7dYlvtWJxwwxHD0PuihVNiE7TyAbQ5SWxDCB9mUYvOgroQOwYQQOKPJ8CIbE+1ETVlOoK1UC2nU3gYvg==}
    engines: {node: '>= 0.6'}

  mime-types@2.1.35:
    resolution: {integrity: sha512-ZDY+bPm5zTTF+YpCrAU9nK0UgICYPT0QtT1NZWFv4s++TNkcgVaT0g6+4R2uI4MjQjzysHB1zxuWL50hzaeXiw==}
    engines: {node: '>= 0.6'}

  nanoid@5.0.8:
    resolution: {integrity: sha512-TcJPw+9RV9dibz1hHUzlLVy8N4X9TnwirAjrU08Juo6BNKggzVfP2ZJ/3ZUSq15Xl5i85i+Z89XBO90pB2PghQ==}
    engines: {node: ^18 || >=20}
    hasBin: true

  proxy-from-env@1.1.0:
    resolution: {integrity: sha512-D+zkORCbA9f1tdWRK0RaCR3GPv50cMxcrz4X8k5LTSUD1Dkw47mKJEZQNunItRTkWwgtaUSo1RVFRIG9ZXiFYg==}

  react@18.3.1:
    resolution: {integrity: sha512-wS+hAgJShR0KhEvPJArfuPVN1+Hz1t0Y6n5jLrGQbkb4urgPE/0Rve+1kMB1v/oWgHgm4WIcV+i7F2pTVj+2iQ==}
    engines: {node: '>=0.10.0'}

  tweetnacl@1.0.3:
    resolution: {integrity: sha512-6rt+RN7aOi1nGMyC4Xa5DdYiukl2UWCbcJft7YhxReBGQD7OAM8Pbxw6YMo4r2diNEA8FEmu32YOn9rhaiE5yw==}

  typescript@5.6.3:
    resolution: {integrity: sha512-hjcS1mhfuyi4WW8IWtjP7brDrG2cuDZukyrYrSauoXGNgx0S7zceP07adYkJycEr56BOUTNPzbInooiN3fn1qw==}
    engines: {node: '>=14.17'}
    hasBin: true

  undici-types@6.19.8:
    resolution: {integrity: sha512-ve2KP6f/JnbPBFyobGHuerC9g1FYGn/F8n1LWTwNxCEzd6IfqTwUQcNXgEtmmQ6DlRrC1hrSrBnCZPokRrDHjw==}

  valibot@0.25.0:
    resolution: {integrity: sha512-cmD0ca15oyAbT75iYLNW6uU6doAeIwYfOshpXka/E1Bx4frzbkrgb7gvkI7K0YK/DVOksei4FfxWfRoBP3NFTg==}

  valibot@0.36.0:
    resolution: {integrity: sha512-CjF1XN4sUce8sBK9TixrDqFM7RwNkuXdJu174/AwmQUB62QbCQADg5lLe8ldBalFgtj1uKj+pKwDJiNo4Mn+eQ==}

snapshots:

  '@0no-co/graphql.web@1.0.9(graphql@16.9.0)':
    optionalDependencies:
      graphql: 16.9.0

  '@0no-co/graphqlsp@1.12.16(graphql@16.9.0)(typescript@5.6.3)':
    dependencies:
      '@gql.tada/internal': 1.0.8(graphql@16.9.0)(typescript@5.6.3)
      graphql: 16.9.0
      typescript: 5.6.3

  '@gql.tada/cli-utils@1.6.3(@0no-co/graphqlsp@1.12.16(graphql@16.9.0)(typescript@5.6.3))(graphql@16.9.0)(typescript@5.6.3)':
    dependencies:
      '@0no-co/graphqlsp': 1.12.16(graphql@16.9.0)(typescript@5.6.3)
      '@gql.tada/internal': 1.0.8(graphql@16.9.0)(typescript@5.6.3)
      graphql: 16.9.0
      typescript: 5.6.3

  '@gql.tada/internal@1.0.8(graphql@16.9.0)(typescript@5.6.3)':
    dependencies:
      '@0no-co/graphql.web': 1.0.9(graphql@16.9.0)
      graphql: 16.9.0
      typescript: 5.6.3

  '@graphql-typed-document-node/core@3.2.0(graphql@16.9.0)':
    dependencies:
      graphql: 16.9.0

  '@mysten/bcs@1.0.2':
    dependencies:
      bs58: 5.0.0

  '@mysten/bcs@1.1.0':
    dependencies:
      bs58: 6.0.0

  '@mysten/kiosk@0.9.10(typescript@5.6.3)':
    dependencies:
      '@mysten/sui': 1.2.1(typescript@5.6.3)
    transitivePeerDependencies:
      - '@gql.tada/svelte-support'
      - '@gql.tada/vue-support'
      - typescript

  '@mysten/sui@1.13.0(typescript@5.6.3)':
    dependencies:
      '@graphql-typed-document-node/core': 3.2.0(graphql@16.9.0)
      '@mysten/bcs': 1.1.0
      '@noble/curves': 1.6.0
      '@noble/hashes': 1.5.0
      '@scure/bip32': 1.5.0
      '@scure/bip39': 1.4.0
      '@suchipi/femver': 1.0.0
      bech32: 2.0.0
      gql.tada: 1.8.10(graphql@16.9.0)(typescript@5.6.3)
      graphql: 16.9.0
      tweetnacl: 1.0.3
      valibot: 0.36.0
    transitivePeerDependencies:
      - '@gql.tada/svelte-support'
      - '@gql.tada/vue-support'
      - typescript

  '@mysten/sui@1.2.1(typescript@5.6.3)':
    dependencies:
      '@graphql-typed-document-node/core': 3.2.0(graphql@16.9.0)
      '@mysten/bcs': 1.0.2
      '@noble/curves': 1.6.0
      '@noble/hashes': 1.5.0
      '@scure/bip32': 1.5.0
      '@scure/bip39': 1.4.0
      '@suchipi/femver': 1.0.0
      bech32: 2.0.0
      gql.tada: 1.8.10(graphql@16.9.0)(typescript@5.6.3)
      graphql: 16.9.0
      tweetnacl: 1.0.3
      valibot: 0.25.0
    transitivePeerDependencies:
      - '@gql.tada/svelte-support'
      - '@gql.tada/vue-support'
      - typescript

  '@noble/curves@1.6.0':
    dependencies:
      '@noble/hashes': 1.5.0

  '@noble/hashes@1.5.0': {}

  '@scure/base@1.1.9': {}

  '@scure/bip32@1.5.0':
    dependencies:
      '@noble/curves': 1.6.0
      '@noble/hashes': 1.5.0
      '@scure/base': 1.1.9

  '@scure/bip39@1.4.0':
    dependencies:
      '@noble/hashes': 1.5.0
      '@scure/base': 1.1.9

  '@suchipi/femver@1.0.0': {}

  '@types/node@22.8.4':
    dependencies:
      undici-types: 6.19.8

  asynckit@0.4.0: {}

  axios@1.7.7:
    dependencies:
      follow-redirects: 1.15.9
      form-data: 4.0.1
      proxy-from-env: 1.1.0
    transitivePeerDependencies:
      - debug

  base-x@4.0.0: {}

  base-x@5.0.0: {}

  bech32@2.0.0: {}

  bs58@5.0.0:
    dependencies:
      base-x: 4.0.0

  bs58@6.0.0:
    dependencies:
      base-x: 5.0.0

  combined-stream@1.0.8:
    dependencies:
      delayed-stream: 1.0.0

  delayed-stream@1.0.0: {}

  dotenv@16.4.5: {}

  doubleup@4.3.22(@mysten/kiosk@0.9.10(typescript@5.6.3))(@mysten/sui@1.13.0(typescript@5.6.3))(nanoid@5.0.8):
    dependencies:
      '@mysten/kiosk': 0.9.10(typescript@5.6.3)
      '@mysten/sui': 1.13.0(typescript@5.6.3)
      axios: 1.7.7
      nanoid: 5.0.8
      react: 18.3.1
    transitivePeerDependencies:
      - debug

  follow-redirects@1.15.9: {}

  form-data@4.0.1:
    dependencies:
      asynckit: 0.4.0
      combined-stream: 1.0.8
      mime-types: 2.1.35

  gql.tada@1.8.10(graphql@16.9.0)(typescript@5.6.3):
    dependencies:
      '@0no-co/graphql.web': 1.0.9(graphql@16.9.0)
      '@0no-co/graphqlsp': 1.12.16(graphql@16.9.0)(typescript@5.6.3)
      '@gql.tada/cli-utils': 1.6.3(@0no-co/graphqlsp@1.12.16(graphql@16.9.0)(typescript@5.6.3))(graphql@16.9.0)(typescript@5.6.3)
      '@gql.tada/internal': 1.0.8(graphql@16.9.0)(typescript@5.6.3)
      typescript: 5.6.3
    transitivePeerDependencies:
      - '@gql.tada/svelte-support'
      - '@gql.tada/vue-support'
      - graphql

  graphql@16.9.0: {}

  js-tokens@4.0.0: {}

  loose-envify@1.4.0:
    dependencies:
      js-tokens: 4.0.0

  mime-db@1.52.0: {}

  mime-types@2.1.35:
    dependencies:
      mime-db: 1.52.0

  nanoid@5.0.8: {}

  proxy-from-env@1.1.0: {}

  react@18.3.1:
    dependencies:
      loose-envify: 1.4.0

  tweetnacl@1.0.3: {}

  typescript@5.6.3: {}

  undici-types@6.19.8: {}

  valibot@0.25.0: {}

  valibot@0.36.0: {}
